// !$*UTF8*$!
{
	archiveVersion = 1;
	classes = {
	};
	objectVersion = 55;
	objects = {

/* Begin PBXBuildFile section */
		09C058482885F27500A147EA /* AppDelegate.swift in Sources */ = {isa = PBXBuildFile; fileRef = 09C058472885F27500A147EA /* AppDelegate.swift */; };
		09C0584A2885F27500A147EA /* SceneDelegate.swift in Sources */ = {isa = PBXBuildFile; fileRef = 09C058492885F27500A147EA /* SceneDelegate.swift */; };
		09C0584F2885F27500A147EA /* Main.storyboard in Resources */ = {isa = PBXBuildFile; fileRef = 09C0584D2885F27500A147EA /* Main.storyboard */; };
		09C058512885F27900A147EA /* Assets.xcassets in Resources */ = {isa = PBXBuildFile; fileRef = 09C058502885F27900A147EA /* Assets.xcassets */; };
		09C058542885F27900A147EA /* LaunchScreen.storyboard in Resources */ = {isa = PBXBuildFile; fileRef = 09C058522885F27900A147EA /* LaunchScreen.storyboard */; };
		09C0585C2885F3B900A147EA /* Person.swift in Sources */ = {isa = PBXBuildFile; fileRef = 09C0585B2885F3B900A147EA /* Person.swift */; };
		09C058642886996F00A147EA /* ContactListViewController.swift in Sources */ = {isa = PBXBuildFile; fileRef = 09C058632886996F00A147EA /* ContactListViewController.swift */; };
		09C058662886A46100A147EA /* ContactDetailsViewController.swift in Sources */ = {isa = PBXBuildFile; fileRef = 09C058652886A46100A147EA /* ContactDetailsViewController.swift */; };
		09C058682886A8FB00A147EA /* DetailedContactListViewController.swift in Sources */ = {isa = PBXBuildFile; fileRef = 09C058672886A8FB00A147EA /* DetailedContactListViewController.swift */; };
		09C0586A2886CCAF00A147EA /* CastomPersons.swift in Sources */ = {isa = PBXBuildFile; fileRef = 09C058692886CCAE00A147EA /* CastomPersons.swift */; };
/* End PBXBuildFile section */

/* Begin PBXFileReference section */
		09C058442885F27500A147EA /* ContactList.app */ = {isa = PBXFileReference; explicitFileType = wrapper.application; includeInIndex = 0; path = ContactList.app; sourceTree = BUILT_PRODUCTS_DIR; };
		09C058472885F27500A147EA /* AppDelegate.swift */ = {isa = PBXFileReference; lastKnownFileType = sourcecode.swift; path = AppDelegate.swift; sourceTree = "<group>"; };
		09C058492885F27500A147EA /* SceneDelegate.swift */ = {isa = PBXFileReference; lastKnownFileType = sourcecode.swift; path = SceneDelegate.swift; sourceTree = "<group>"; };
		09C0584E2885F27500A147EA /* Base */ = {isa = PBXFileReference; lastKnownFileType = file.storyboard; name = Base; path = Base.lproj/Main.storyboard; sourceTree = "<group>"; };
		09C058502885F27900A147EA /* Assets.xcassets */ = {isa = PBXFileReference; lastKnownFileType = folder.assetcatalog; path = Assets.xcassets; sourceTree = "<group>"; };
		09C058532885F27900A147EA /* Base */ = {isa = PBXFileReference; lastKnownFileType = file.storyboard; name = Base; path = Base.lproj/LaunchScreen.storyboard; sourceTree = "<group>"; };
		09C058552885F27900A147EA /* Info.plist */ = {isa = PBXFileReference; lastKnownFileType = text.plist.xml; path = Info.plist; sourceTree = "<group>"; };
		09C0585B2885F3B900A147EA /* Person.swift */ = {isa = PBXFileReference; lastKnownFileType = sourcecode.swift; path = Person.swift; sourceTree = "<group>"; };
		09C058632886996F00A147EA /* ContactListViewController.swift */ = {isa = PBXFileReference; lastKnownFileType = sourcecode.swift; path = ContactListViewController.swift; sourceTree = "<group>"; };
		09C058652886A46100A147EA /* ContactDetailsViewController.swift */ = {isa = PBXFileReference; lastKnownFileType = sourcecode.swift; path = ContactDetailsViewController.swift; sourceTree = "<group>"; };
		09C058672886A8FB00A147EA /* DetailedContactListViewController.swift */ = {isa = PBXFileReference; lastKnownFileType = sourcecode.swift; path = DetailedContactListViewController.swift; sourceTree = "<group>"; };
		09C058692886CCAE00A147EA /* CastomPersons.swift */ = {isa = PBXFileReference; lastKnownFileType = sourcecode.swift; path = CastomPersons.swift; sourceTree = "<group>"; };
/* End PBXFileReference section */

/* Begin PBXFrameworksBuildPhase section */
		09C058412885F27500A147EA /* Frameworks */ = {
			isa = PBXFrameworksBuildPhase;
			buildActionMask = 2147483647;
			files = (
			);
			runOnlyForDeploymentPostprocessing = 0;
		};
/* End PBXFrameworksBuildPhase section */

/* Begin PBXGroup section */
		09C0583B2885F27500A147EA = {
			isa = PBXGroup;
			children = (
				09C058462885F27500A147EA /* ContactList */,
				09C058452885F27500A147EA /* Products */,
			);
			sourceTree = "<group>";
		};
		09C058452885F27500A147EA /* Products */ = {
			isa = PBXGroup;
			children = (
				09C058442885F27500A147EA /* ContactList.app */,
			);
			name = Products;
			sourceTree = "<group>";
		};
		09C058462885F27500A147EA /* ContactList */ = {
			isa = PBXGroup;
			children = (
				09C0586D2886D58000A147EA /* ViewControllers */,
				09C0586B2886D55E00A147EA /* Storyboards */,
				09C0586C2886D56F00A147EA /* Models */,
				09C0586F2886D5CA00A147EA /* Resources */,
				09C0586E2886D5A100A147EA /* App */,
			);
			path = ContactList;
			sourceTree = "<group>";
		};
		09C0586B2886D55E00A147EA /* Storyboards */ = {
			isa = PBXGroup;
			children = (
				09C0584D2885F27500A147EA /* Main.storyboard */,
				09C058522885F27900A147EA /* LaunchScreen.storyboard */,
			);
			path = Storyboards;
			sourceTree = "<group>";
		};
		09C0586C2886D56F00A147EA /* Models */ = {
			isa = PBXGroup;
			children = (
				09C0585B2885F3B900A147EA /* Person.swift */,
				09C058692886CCAE00A147EA /* CastomPersons.swift */,
			);
			path = Models;
			sourceTree = "<group>";
		};
		09C0586D2886D58000A147EA /* ViewControllers */ = {
			isa = PBXGroup;
			children = (
				09C058632886996F00A147EA /* ContactListViewController.swift */,
				09C058652886A46100A147EA /* ContactDetailsViewController.swift */,
				09C058672886A8FB00A147EA /* DetailedContactListViewController.swift */,
			);
			path = ViewControllers;
			sourceTree = "<group>";
		};
		09C0586E2886D5A100A147EA /* App */ = {
			isa = PBXGroup;
			children = (
				09C058472885F27500A147EA /* AppDelegate.swift */,
				09C058492885F27500A147EA /* SceneDelegate.swift */,
				09C058552885F27900A147EA /* Info.plist */,
			);
			path = App;
			sourceTree = "<group>";
		};
		09C0586F2886D5CA00A147EA /* Resources */ = {
			isa = PBXGroup;
			children = (
				09C058502885F27900A147EA /* Assets.xcassets */,
			);
			path = Resources;
			sourceTree = "<group>";
		};
/* End PBXGroup section */

/* Begin PBXNativeTarget section */
		09C058432885F27500A147EA /* ContactList */ = {
			isa = PBXNativeTarget;
			buildConfigurationList = 09C058582885F27900A147EA /* Build configuration list for PBXNativeTarget "ContactList" */;
			buildPhases = (
				09C058402885F27500A147EA /* Sources */,
				09C058412885F27500A147EA /* Frameworks */,
				09C058422885F27500A147EA /* Resources */,
			);
			buildRules = (
			);
			dependencies = (
			);
			name = ContactList;
			productName = ContactList;
			productReference = 09C058442885F27500A147EA /* ContactList.app */;
			productType = "com.apple.product-type.application";
		};
/* End PBXNativeTarget section */

/* Begin PBXProject section */
		09C0583C2885F27500A147EA /* Project object */ = {
			isa = PBXProject;
			attributes = {
				BuildIndependentTargetsInParallel = 1;
				LastSwiftUpdateCheck = 1340;
				LastUpgradeCheck = 1340;
				TargetAttributes = {
					09C058432885F27500A147EA = {
						CreatedOnToolsVersion = 13.4.1;
					};
				};
			};
			buildConfigurationList = 09C0583F2885F27500A147EA /* Build configuration list for PBXProject "ContactList" */;
			compatibilityVersion = "Xcode 13.0";
			developmentRegion = en;
			hasScannedForEncodings = 0;
			knownRegions = (
				en,
				Base,
			);
			mainGroup = 09C0583B2885F27500A147EA;
			productRefGroup = 09C058452885F27500A147EA /* Products */;
			projectDirPath = "";
			projectRoot = "";
			targets = (
				09C058432885F27500A147EA /* ContactList */,
			);
		};
/* End PBXProject section */

/* Begin PBXResourcesBuildPhase section */
		09C058422885F27500A147EA /* Resources */ = {
			isa = PBXResourcesBuildPhase;
			buildActionMask = 2147483647;
			files = (
				09C058542885F27900A147EA /* LaunchScreen.storyboard in Resources */,
				09C058512885F27900A147EA /* Assets.xcassets in Resources */,
				09C0584F2885F27500A147EA /* Main.storyboard in Resources */,
			);
			runOnlyForDeploymentPostprocessing = 0;
		};
/* End PBXResourcesBuildPhase section */

/* Begin PBXSourcesBuildPhase section */
		09C058402885F27500A147EA /* Sources */ = {
			isa = PBXSourcesBuildPhase;
			buildActionMask = 2147483647;
			files = (
				09C058662886A46100A147EA /* ContactDetailsViewController.swift in Sources */,
				09C058482885F27500A147EA /* AppDelegate.swift in Sources */,
				09C058642886996F00A147EA /* ContactListViewController.swift in Sources */,
				09C058682886A8FB00A147EA /* DetailedContactListViewController.swift in Sources */,
				09C0586A2886CCAF00A147EA /* CastomPersons.swift in Sources */,
				09C0585C2885F3B900A147EA /* Person.swift in Sources */,
				09C0584A2885F27500A147EA /* SceneDelegate.swift in Sources */,
			);
			runOnlyForDeploymentPostprocessing = 0;
		};
/* End PBXSourcesBuildPhase section */

/* Begin PBXVariantGroup section */
		09C0584D2885F27500A147EA /* Main.storyboard */ = {
			isa = PBXVariantGroup;
			children = (
				09C0584E2885F27500A147EA /* Base */,
			);
			name = Main.storyboard;
			sourceTree = "<group>";
		};
		09C058522885F27900A147EA /* LaunchScreen.storyboard */ = {
			isa = PBXVariantGroup;
			children = (
				09C058532885F27900A147EA /* Base */,
			);
			name = LaunchScreen.storyboard;
			sourceTree = "<group>";
		};
/* End PBXVariantGroup section */

/* Begin XCBuildConfiguration section */
		09C058562885F27900A147EA /* Debug */ = {
			isa = XCBuildConfiguration;
			buildSettings = {
				ALWAYS_SEARCH_USER_PATHS = NO;
				CLANG_ANALYZER_NONNULL = YES;
				CLANG_ANALYZER_NUMBER_OBJECT_CONVERSION = YES_AGGRESSIVE;
				CLANG_CXX_LANGUAGE_STANDARD = "gnu++17";
				CLANG_ENABLE_MODULES = YES;
				CLANG_ENABLE_OBJC_ARC = YES;
				CLANG_ENABLE_OBJC_WEAK = YES;
				CLANG_WARN_BLOCK_CAPTURE_AUTORELEASING = YES;
				CLANG_WARN_BOOL_CONVERSION = YES;
				CLANG_WARN_COMMA = YES;
				CLANG_WARN_CONSTANT_CONVERSION = YES;
				CLANG_WARN_DEPRECATED_OBJC_IMPLEMENTATIONS = YES;
				CLANG_WARN_DIRECT_OBJC_ISA_USAGE = YES_ERROR;
				CLANG_WARN_DOCUMENTATION_COMMENTS = YES;
				CLANG_WARN_EMPTY_BODY = YES;
				CLANG_WARN_ENUM_CONVERSION = YES;
				CLANG_WARN_INFINITE_RECURSION = YES;
				CLANG_WARN_INT_CONVERSION = YES;
				CLANG_WARN_NON_LITERAL_NULL_CONVERSION = YES;
				CLANG_WARN_OBJC_IMPLICIT_RETAIN_SELF = YES;
				CLANG_WARN_OBJC_LITERAL_CONVERSION = YES;
				CLANG_WARN_OBJC_ROOT_CLASS = YES_ERROR;
				CLANG_WARN_QUOTED_INCLUDE_IN_FRAMEWORK_HEADER = YES;
				CLANG_WARN_RANGE_LOOP_ANALYSIS = YES;
				CLANG_WARN_STRICT_PROTOTYPES = YES;
				CLANG_WARN_SUSPICIOUS_MOVE = YES;
				CLANG_WARN_UNGUARDED_AVAILABILITY = YES_AGGRESSIVE;
				CLANG_WARN_UNREACHABLE_CODE = YES;
				CLANG_WARN__DUPLICATE_METHOD_MATCH = YES;
				COPY_PHASE_STRIP = NO;
				DEBUG_INFORMATION_FORMAT = dwarf;
				ENABLE_STRICT_OBJC_MSGSEND = YES;
				ENABLE_TESTABILITY = YES;
				GCC_C_LANGUAGE_STANDARD = gnu11;
				GCC_DYNAMIC_NO_PIC = NO;
				GCC_NO_COMMON_BLOCKS = YES;
				GCC_OPTIMIZATION_LEVEL = 0;
				GCC_PREPROCESSOR_DEFINITIONS = (
					"DEBUG=1",
					"$(inherited)",
				);
				GCC_WARN_64_TO_32_BIT_CONVERSION = YES;
				GCC_WARN_ABOUT_RETURN_TYPE = YES_ERROR;
				GCC_WARN_UNDECLARED_SELECTOR = YES;
				GCC_WARN_UNINITIALIZED_AUTOS = YES_AGGRESSIVE;
				GCC_WARN_UNUSED_FUNCTION = YES;
				GCC_WARN_UNUSED_VARIABLE = YES;
				IPHONEOS_DEPLOYMENT_TARGET = 15.5;
				MTL_ENABLE_DEBUG_INFO = INCLUDE_SOURCE;
				MTL_FAST_MATH = YES;
				ONLY_ACTIVE_ARCH = YES;
				SDKROOT = iphoneos;
				SWIFT_ACTIVE_COMPILATION_CONDITIONS = DEBUG;
				SWIFT_OPTIMIZATION_LEVEL = "-Onone";
			};
			name = Debug;
		};
		09C058572885F27900A147EA /* Release */ = {
			isa = XCBuildConfiguration;
			buildSettings = {
				ALWAYS_SEARCH_USER_PATHS = NO;
				CLANG_ANALYZER_NONNULL = YES;
				CLANG_ANALYZER_NUMBER_OBJECT_CONVERSION = YES_AGGRESSIVE;
				CLANG_CXX_LANGUAGE_STANDARD = "gnu++17";
				CLANG_ENABLE_MODULES = YES;
				CLANG_ENABLE_OBJC_ARC = YES;
				CLANG_ENABLE_OBJC_WEAK = YES;
				CLANG_WARN_BLOCK_CAPTURE_AUTORELEASING = YES;
				CLANG_WARN_BOOL_CONVERSION = YES;
				CLANG_WARN_COMMA = YES;
				CLANG_WARN_CONSTANT_CONVERSION = YES;
				CLANG_WARN_DEPRECATED_OBJC_IMPLEMENTATIONS = YES;
				CLANG_WARN_DIRECT_OBJC_ISA_USAGE = YES_ERROR;
				CLANG_WARN_DOCUMENTATION_COMMENTS = YES;
				CLANG_WARN_EMPTY_BODY = YES;
				CLANG_WARN_ENUM_CONVERSION = YES;
				CLANG_WARN_INFINITE_RECURSION = YES;
				CLANG_WARN_INT_CONVERSION = YES;
				CLANG_WARN_NON_LITERAL_NULL_CONVERSION = YES;
				CLANG_WARN_OBJC_IMPLICIT_RETAIN_SELF = YES;
				CLANG_WARN_OBJC_LITERAL_CONVERSION = YES;
				CLANG_WARN_OBJC_ROOT_CLASS = YES_ERROR;
				CLANG_WARN_QUOTED_INCLUDE_IN_FRAMEWORK_HEADER = YES;
				CLANG_WARN_RANGE_LOOP_ANALYSIS = YES;
				CLANG_WARN_STRICT_PROTOTYPES = YES;
				CLANG_WARN_SUSPICIOUS_MOVE = YES;
				CLANG_WARN_UNGUARDED_AVAILABILITY = YES_AGGRESSIVE;
				CLANG_WARN_UNREACHABLE_CODE = YES;
				CLANG_WARN__DUPLICATE_METHOD_MATCH = YES;
				COPY_PHASE_STRIP = NO;
				DEBUG_INFORMATION_FORMAT = "dwarf-with-dsym";
				ENABLE_NS_ASSERTIONS = NO;
				ENABLE_STRICT_OBJC_MSGSEND = YES;
				GCC_C_LANGUAGE_STANDARD = gnu11;
				GCC_NO_COMMON_BLOCKS = YES;
				GCC_WARN_64_TO_32_BIT_CONVERSION = YES;
				GCC_WARN_ABOUT_RETURN_TYPE = YES_ERROR;
				GCC_WARN_UNDECLARED_SELECTOR = YES;
				GCC_WARN_UNINITIALIZED_AUTOS = YES_AGGRESSIVE;
				GCC_WARN_UNUSED_FUNCTION = YES;
				GCC_WARN_UNUSED_VARIABLE = YES;
				IPHONEOS_DEPLOYMENT_TARGET = 15.5;
				MTL_ENABLE_DEBUG_INFO = NO;
				MTL_FAST_MATH = YES;
				SDKROOT = iphoneos;
				SWIFT_COMPILATION_MODE = wholemodule;
				SWIFT_OPTIMIZATION_LEVEL = "-O";
				VALIDATE_PRODUCT = YES;
			};
			name = Release;
		};
		09C058592885F27900A147EA /* Debug */ = {
			isa = XCBuildConfiguration;
			buildSettings = {
				ASSETCATALOG_COMPILER_APPICON_NAME = AppIcon;
				ASSETCATALOG_COMPILER_GLOBAL_ACCENT_COLOR_NAME = AccentColor;
				CODE_SIGN_STYLE = Automatic;
				CURRENT_PROJECT_VERSION = 1;
				DEVELOPMENT_TEAM = 4STR2A3PL4;
				GENERATE_INFOPLIST_FILE = YES;
				INFOPLIST_FILE = ContactList/App/Info.plist;
				INFOPLIST_KEY_UIApplicationSupportsIndirectInputEvents = YES;
				INFOPLIST_KEY_UILaunchStoryboardName = LaunchScreen;
				INFOPLIST_KEY_UIMainStoryboardFile = Main;
				INFOPLIST_KEY_UISupportedInterfaceOrientations_iPad = "UIInterfaceOrientationPortrait UIInterfaceOrientationPortraitUpsideDown UIInterfaceOrientationLandscapeLeft UIInterfaceOrientationLandscapeRight";
				INFOPLIST_KEY_UISupportedInterfaceOrientations_iPhone = "UIInterfaceOrientationPortrait UIInterfaceOrientationLandscapeLeft UIInterfaceOrientationLandscapeRight";
				LD_RUNPATH_SEARCH_PATHS = (
					"$(inherited)",
					"@executable_path/Frameworks",
				);
				MARKETING_VERSION = 1.0;
				PRODUCT_BUNDLE_IDENTIFIER = ru.ilya.ContactList;
				PRODUCT_NAME = "$(TARGET_NAME)";
				SWIFT_EMIT_LOC_STRINGS = YES;
				SWIFT_VERSION = 5.0;
				TARGETED_DEVICE_FAMILY = 1;
			};
			name = Debug;
		};
		09C0585A2885F27900A147EA /* Release */ = {
			isa = XCBuildConfiguration;
			buildSettings = {
				ASSETCATALOG_COMPILER_APPICON_NAME = AppIcon;
				ASSETCATALOG_COMPILER_GLOBAL_ACCENT_COLOR_NAME = AccentColor;
				CODE_SIGN_STYLE = Automatic;
				CURRENT_PROJECT_VERSION = 1;
				DEVELOPMENT_TEAM = 4STR2A3PL4;
				GENERATE_INFOPLIST_FILE = YES;
				INFOPLIST_FILE = ContactList/App/Info.plist;
				INFOPLIST_KEY_UIApplicationSupportsIndirectInputEvents = YES;
				INFOPLIST_KEY_UILaunchStoryboardName = LaunchScreen;
				INFOPLIST_KEY_UIMainStoryboardFile = Main;
				INFOPLIST_KEY_UISupportedInterfaceOrientations_iPad = "UIInterfaceOrientationPortrait UIInterfaceOrientationPortraitUpsideDown UIInterfaceOrientationLandscapeLeft UIInterfaceOrientationLandscapeRight";
				INFOPLIST_KEY_UISupportedInterfaceOrientations_iPhone = "UIInterfaceOrientationPortrait UIInterfaceOrientationLandscapeLeft UIInterfaceOrientationLandscapeRight";
				LD_RUNPATH_SEARCH_PATHS = (
					"$(inherited)",
					"@executable_path/Frameworks",
				);
				MARKETING_VERSION = 1.0;
				PRODUCT_BUNDLE_IDENTIFIER = ru.ilya.ContactList;
				PRODUCT_NAME = "$(TARGET_NAME)";
				SWIFT_EMIT_LOC_STRINGS = YES;
				SWIFT_VERSION = 5.0;
				TARGETED_DEVICE_FAMILY = 1;
			};
			name = Release;
		};
/* End XCBuildConfiguration section */

/* Begin XCConfigurationList section */
		09C0583F2885F27500A147EA /* Build configuration list for PBXProject "ContactList" */ = {
			isa = XCConfigurationList;
			buildConfigurations = (
				09C058562885F27900A147EA /* Debug */,
				09C058572885F27900A147EA /* Release */,
			);
			defaultConfigurationIsVisible = 0;
			defaultConfigurationName = Release;
		};
		09C058582885F27900A147EA /* Build configuration list for PBXNativeTarget "ContactList" */ = {
			isa = XCConfigurationList;
			buildConfigurations = (
				09C058592885F27900A147EA /* Debug */,
				09C0585A2885F27900A147EA /* Release */,
			);
			defaultConfigurationIsVisible = 0;
			defaultConfigurationName = Release;
		};
/* End XCConfigurationList section */
	};
	rootObject = 09C0583C2885F27500A147EA /* Project object */;
}
